
Microsoft Visual Studio Solution File, Format Version 12.00
# Visual Studio Version 17
VisualStudioVersion = 17.11.35303.130
MinimumVisualStudioVersion = 10.0.40219.1
Project("{9A19103F-16F7-4668-BE54-9A1E7A4F7556}") = "AllPrograms.Console", "AllPrograms.Console.csproj", "{B7EC1C50-8123-4121-9BD1-57A15AAA6D46}"
EndProject
Project("{2150E333-8FDC-42A3-9474-1A3956D46DE8}") = "Console Application", "Console Application", "{B9E899C4-216F-4DC8-B5F3-EF40021BB8B5}"
EndProject
Project("{2150E333-8FDC-42A3-9474-1A3956D46DE8}") = "Business Logic", "Business Logic", "{C56CC963-007E-430D-B094-07ACDF563E34}"
EndProject
Project("{9A19103F-16F7-4668-BE54-9A1E7A4F7556}") = "LargestElementInArray", "..\AllPrograms.Logic\LargestElementInArray\LargestElementInArray.csproj", "{F790D960-C363-4E04-8A9E-DC4573AE1452}"
EndProject
Project("{9A19103F-16F7-4668-BE54-9A1E7A4F7556}") = "SecondLargestElementInArray", "..\AllPrograms.Logic\SecondLargestElementInArray\SecondLargestElementInArray.csproj", "{105D915E-0FC6-456C-B97D-6B58469A8628}"
EndProject
Project("{9A19103F-16F7-4668-BE54-9A1E7A4F7556}") = "ArraySortingChecker", "..\AllPrograms.Logic\ArraySortingChecker\ArraySortingChecker.csproj", "{D64F1DFE-E646-4C76-8525-3D207D1BDAE6}"
EndProject
Project("{9A19103F-16F7-4668-BE54-9A1E7A4F7556}") = "RemoveDuplicatesInArray", "..\AllPrograms.Logic\RemoveDuplicatesInArray\RemoveDuplicatesInArray.csproj", "{A35CD5C4-3BD6-4CC1-89C6-014C3449D9EE}"
EndProject
Project("{9A19103F-16F7-4668-BE54-9A1E7A4F7556}") = "LeftRotateArrayByK", "..\AllPrograms.Logic\LeftRotateArrayByK\LeftRotateArrayByK.csproj", "{269ED050-C6AD-4954-ADB7-11568F839F6E}"
EndProject
Project("{9A19103F-16F7-4668-BE54-9A1E7A4F7556}") = "MoveKtoEnd", "..\AllPrograms.Logic\MoveKtoEnd\MoveKtoEnd.csproj", "{88304A33-2C82-4A97-9CAB-EE0DA84A667C}"
EndProject
Project("{9A19103F-16F7-4668-BE54-9A1E7A4F7556}") = "LinearSearch", "..\AllPrograms.Logic\LinearSearch\LinearSearch.csproj", "{B9FBB2A6-E77D-42A9-920C-FA6EA07C96E9}"
EndProject
Project("{9A19103F-16F7-4668-BE54-9A1E7A4F7556}") = "UnionOf2Arrays", "..\AllPrograms.Logic\UnionOf2Arrays\UnionOf2Arrays.csproj", "{C3A9DA83-B9E9-43D8-866D-FCEBCEEDFF4D}"
EndProject
Project("{9A19103F-16F7-4668-BE54-9A1E7A4F7556}") = "IntersectionOf2Arrays", "..\AllPrograms.Logic\IntersectionOf2Arrays\IntersectionOf2Arrays.csproj", "{ED164CDC-89F6-4AFE-BFE7-F9B7527416EC}"
EndProject
Project("{9A19103F-16F7-4668-BE54-9A1E7A4F7556}") = "FindMissingElementInArray", "..\AllPrograms.Logic\FindMissingElementInArray\FindMissingElementInArray.csproj", "{66F2D1B6-8B3A-40B8-8560-6DCF61C31839}"
EndProject
Project("{9A19103F-16F7-4668-BE54-9A1E7A4F7556}") = "FindMaxConsecutiveOnes", "..\AllPrograms.Logic\FindMaxConsecutiveOnes\FindMaxConsecutiveOnes.csproj", "{D07B71F6-A79D-41A5-8EB0-E595156791D1}"
EndProject
Project("{9A19103F-16F7-4668-BE54-9A1E7A4F7556}") = "SingleNumberInArray", "..\AllPrograms.Logic\SingleNumberInArray\SingleNumberInArray.csproj", "{42BDF359-9CFA-4467-BC14-E2C32F1A4226}"
EndProject
Project("{9A19103F-16F7-4668-BE54-9A1E7A4F7556}") = "LongestSubArrayWithSumK", "..\AllPrograms.Logic\LongestSubArrayWithSumK\LongestSubArrayWithSumK.csproj", "{460CF3D3-7FB2-4209-840F-350D09924CF7}"
EndProject
Project("{9A19103F-16F7-4668-BE54-9A1E7A4F7556}") = "TwoSumProblem", "..\AllPrograms.Logic\TwoSumProblem\TwoSumProblem.csproj", "{0D915729-7ECF-4261-AE27-E32353573BEE}"
EndProject
Project("{9A19103F-16F7-4668-BE54-9A1E7A4F7556}") = "SortColorsProblem", "..\AllPrograms.Logic\SortColorsProblem\SortColorsProblem.csproj", "{51CB32DA-9E93-4767-9A2B-E6D291F1381C}"
EndProject
Project("{9A19103F-16F7-4668-BE54-9A1E7A4F7556}") = "MajorityElement", "..\AllPrograms.Logic\MajorityElement\MajorityElement.csproj", "{AF261785-43BD-4E30-B975-4C7600499122}"
EndProject
Project("{9A19103F-16F7-4668-BE54-9A1E7A4F7556}") = "MaxSubArraySum", "..\AllPrograms.Logic\MaxSubArraySum\MaxSubArraySum.csproj", "{6EF23C89-E124-4487-A903-597E08575026}"
EndProject
Project("{9A19103F-16F7-4668-BE54-9A1E7A4F7556}") = "MaxSubArraySumReturnSubArray", "..\AllPrograms.Logic\MaxSubArraySumReturnSubArray\MaxSubArraySumReturnSubArray.csproj", "{12794892-CA51-4BFB-A4CA-A861133AE92A}"
EndProject
Project("{9A19103F-16F7-4668-BE54-9A1E7A4F7556}") = "BestTimetoBuyandSellStock", "..\AllPrograms.Logic\BestTimetoBuyandSellStock\BestTimetoBuyandSellStock.csproj", "{1EA57F40-7947-4B13-A5D0-5B631B8D9F19}"
EndProject
Project("{9A19103F-16F7-4668-BE54-9A1E7A4F7556}") = "RearrangeArrayElementsBySign", "..\AllPrograms.Logic\RearrangeArrayElementsBySign\RearrangeArrayElementsBySign.csproj", "{ADC5C8ED-F250-4152-9E98-E4977B2CDB7A}"
EndProject
Project("{9A19103F-16F7-4668-BE54-9A1E7A4F7556}") = "LeaderElementsInArray", "..\AllPrograms.Logic\LeaderElementsInArray\LeaderElementsInArray.csproj", "{1D3D2F5B-1F95-42D8-AB2A-F5725A9FF7BD}"
EndProject
Project("{9A19103F-16F7-4668-BE54-9A1E7A4F7556}") = "LongestConsecutiveSequence", "..\AllPrograms.Logic\LongestConsecutiveSequence\LongestConsecutiveSequence.csproj", "{1CD446D3-49B7-4F4C-9A70-5E56861FB105}"
EndProject
Project("{9A19103F-16F7-4668-BE54-9A1E7A4F7556}") = "SetMatrixZeroes", "..\AllPrograms.Logic\SetMatrixZeroes\SetMatrixZeroes.csproj", "{16783C44-7202-4D95-B074-7176EF434EE3}"
EndProject
Project("{9A19103F-16F7-4668-BE54-9A1E7A4F7556}") = "Rotate90DegreeClockWise", "..\AllPrograms.Logic\Rotate90DegreeClockWise\Rotate90DegreeClockWise.csproj", "{86C157B2-A8BF-403F-95B6-873822AA9015}"
EndProject
Project("{9A19103F-16F7-4668-BE54-9A1E7A4F7556}") = "Rotate90DegreeAntiClockWise", "..\AllPrograms.Logic\Rotate90DegreeAntiClockWise\Rotate90DegreeAntiClockWise.csproj", "{7B3C82DF-B235-4E9A-90B4-EED9C153C8AB}"
EndProject
Project("{9A19103F-16F7-4668-BE54-9A1E7A4F7556}") = "SpiralTraversalofMatrix", "..\AllPrograms.Logic\SpiralTraversalofMatrix\SpiralTraversalofMatrix.csproj", "{968F2332-D96A-438C-8577-01128942EE92}"
EndProject
Project("{9A19103F-16F7-4668-BE54-9A1E7A4F7556}") = "CountSubArrayWithGivenSum", "..\AllPrograms.Logic\CountSubArrayWithGivenSum\CountSubArrayWithGivenSum.csproj", "{536E5209-0E19-4C52-A5C8-33BF77DBDE04}"
EndProject
Project("{9A19103F-16F7-4668-BE54-9A1E7A4F7556}") = "MajorityElementNby3", "..\AllPrograms.Logic\MajorityElementNby3\MajorityElementNby3.csproj", "{77D29DD0-0B05-4086-95D0-05621B3F218B}"
EndProject
Project("{FAE04EC0-301F-11D3-BF4B-00C04F79EFBC}") = "3SumProblem", "..\AllPrograms.Logic\3SumProblem\3SumProblem.csproj", "{B70F03BE-9C5A-4419-87D2-B01DA673A962}"
EndProject
Project("{FAE04EC0-301F-11D3-BF4B-00C04F79EFBC}") = "PascalTriangle", "..\AllPrograms.Logic\PascalTriangle\PascalTriangle.csproj", "{12F52CBC-9852-40B2-B9CD-7696CF52619F}"
EndProject
Project("{FAE04EC0-301F-11D3-BF4B-00C04F79EFBC}") = "4SumProblem", "..\AllPrograms.Logic\4SumProblem\4SumProblem.csproj", "{4474D6E8-ED3A-499D-B665-BD9B98E2BB2C}"
EndProject
Project("{FAE04EC0-301F-11D3-BF4B-00C04F79EFBC}") = "LengthOfLongestSubArrayWithSum0", "..\AllPrograms.Logic\LengthOfLongestSubArrayWithSum0\LengthOfLongestSubArrayWithSum0.csproj", "{5E549407-40AE-42BE-A9CD-F5C0BA28B536}"
EndProject
Project("{FAE04EC0-301F-11D3-BF4B-00C04F79EFBC}") = "CountSubarraysWithGivenXORK", "..\AllPrograms.Logic\CountSubarraysWithGivenXORK\CountSubarraysWithGivenXORK.csproj", "{FCB286B5-1DBD-47C6-9334-766FCFB48EEB}"
EndProject
Project("{FAE04EC0-301F-11D3-BF4B-00C04F79EFBC}") = "FindMissingAndRepeatingElement", "..\AllPrograms.Logic\FindMissingAndRepeatingElement\FindMissingAndRepeatingElement.csproj", "{F25F954A-85D5-466E-A58B-2825242095B5}"
EndProject
Project("{FAE04EC0-301F-11D3-BF4B-00C04F79EFBC}") = "CountInversionsInArray", "..\AllPrograms.Logic\CountInversionsInArray\CountInversionsInArray.csproj", "{F566C686-4F49-44A7-AFF6-E53C923562EE}"
EndProject
Project("{FAE04EC0-301F-11D3-BF4B-00C04F79EFBC}") = "MergeSortAlogorithm", "..\AllPrograms.Logic\MergeSortAlogorithm\MergeSortAlogorithm.csproj", "{81C55B4C-88D0-447B-B9B3-4B381183855E}"
EndProject
Project("{FAE04EC0-301F-11D3-BF4B-00C04F79EFBC}") = "CountReversePairs", "..\AllPrograms.Logic\CountReversePairs\CountReversePairs.csproj", "{6F3909CC-3F0D-4EE1-A9C0-B87658889439}"
EndProject
Global
	GlobalSection(SolutionConfigurationPlatforms) = preSolution
		Debug|Any CPU = Debug|Any CPU
		Release|Any CPU = Release|Any CPU
	EndGlobalSection
	GlobalSection(ProjectConfigurationPlatforms) = postSolution
		{B7EC1C50-8123-4121-9BD1-57A15AAA6D46}.Debug|Any CPU.ActiveCfg = Debug|Any CPU
		{B7EC1C50-8123-4121-9BD1-57A15AAA6D46}.Debug|Any CPU.Build.0 = Debug|Any CPU
		{B7EC1C50-8123-4121-9BD1-57A15AAA6D46}.Release|Any CPU.ActiveCfg = Release|Any CPU
		{B7EC1C50-8123-4121-9BD1-57A15AAA6D46}.Release|Any CPU.Build.0 = Release|Any CPU
		{F790D960-C363-4E04-8A9E-DC4573AE1452}.Debug|Any CPU.ActiveCfg = Debug|Any CPU
		{F790D960-C363-4E04-8A9E-DC4573AE1452}.Debug|Any CPU.Build.0 = Debug|Any CPU
		{F790D960-C363-4E04-8A9E-DC4573AE1452}.Release|Any CPU.ActiveCfg = Release|Any CPU
		{F790D960-C363-4E04-8A9E-DC4573AE1452}.Release|Any CPU.Build.0 = Release|Any CPU
		{105D915E-0FC6-456C-B97D-6B58469A8628}.Debug|Any CPU.ActiveCfg = Debug|Any CPU
		{105D915E-0FC6-456C-B97D-6B58469A8628}.Debug|Any CPU.Build.0 = Debug|Any CPU
		{105D915E-0FC6-456C-B97D-6B58469A8628}.Release|Any CPU.ActiveCfg = Release|Any CPU
		{105D915E-0FC6-456C-B97D-6B58469A8628}.Release|Any CPU.Build.0 = Release|Any CPU
		{D64F1DFE-E646-4C76-8525-3D207D1BDAE6}.Debug|Any CPU.ActiveCfg = Debug|Any CPU
		{D64F1DFE-E646-4C76-8525-3D207D1BDAE6}.Debug|Any CPU.Build.0 = Debug|Any CPU
		{D64F1DFE-E646-4C76-8525-3D207D1BDAE6}.Release|Any CPU.ActiveCfg = Release|Any CPU
		{D64F1DFE-E646-4C76-8525-3D207D1BDAE6}.Release|Any CPU.Build.0 = Release|Any CPU
		{A35CD5C4-3BD6-4CC1-89C6-014C3449D9EE}.Debug|Any CPU.ActiveCfg = Debug|Any CPU
		{A35CD5C4-3BD6-4CC1-89C6-014C3449D9EE}.Debug|Any CPU.Build.0 = Debug|Any CPU
		{A35CD5C4-3BD6-4CC1-89C6-014C3449D9EE}.Release|Any CPU.ActiveCfg = Release|Any CPU
		{A35CD5C4-3BD6-4CC1-89C6-014C3449D9EE}.Release|Any CPU.Build.0 = Release|Any CPU
		{269ED050-C6AD-4954-ADB7-11568F839F6E}.Debug|Any CPU.ActiveCfg = Debug|Any CPU
		{269ED050-C6AD-4954-ADB7-11568F839F6E}.Debug|Any CPU.Build.0 = Debug|Any CPU
		{269ED050-C6AD-4954-ADB7-11568F839F6E}.Release|Any CPU.ActiveCfg = Release|Any CPU
		{269ED050-C6AD-4954-ADB7-11568F839F6E}.Release|Any CPU.Build.0 = Release|Any CPU
		{88304A33-2C82-4A97-9CAB-EE0DA84A667C}.Debug|Any CPU.ActiveCfg = Debug|Any CPU
		{88304A33-2C82-4A97-9CAB-EE0DA84A667C}.Debug|Any CPU.Build.0 = Debug|Any CPU
		{88304A33-2C82-4A97-9CAB-EE0DA84A667C}.Release|Any CPU.ActiveCfg = Release|Any CPU
		{88304A33-2C82-4A97-9CAB-EE0DA84A667C}.Release|Any CPU.Build.0 = Release|Any CPU
		{B9FBB2A6-E77D-42A9-920C-FA6EA07C96E9}.Debug|Any CPU.ActiveCfg = Debug|Any CPU
		{B9FBB2A6-E77D-42A9-920C-FA6EA07C96E9}.Debug|Any CPU.Build.0 = Debug|Any CPU
		{B9FBB2A6-E77D-42A9-920C-FA6EA07C96E9}.Release|Any CPU.ActiveCfg = Release|Any CPU
		{B9FBB2A6-E77D-42A9-920C-FA6EA07C96E9}.Release|Any CPU.Build.0 = Release|Any CPU
		{C3A9DA83-B9E9-43D8-866D-FCEBCEEDFF4D}.Debug|Any CPU.ActiveCfg = Debug|Any CPU
		{C3A9DA83-B9E9-43D8-866D-FCEBCEEDFF4D}.Debug|Any CPU.Build.0 = Debug|Any CPU
		{C3A9DA83-B9E9-43D8-866D-FCEBCEEDFF4D}.Release|Any CPU.ActiveCfg = Release|Any CPU
		{C3A9DA83-B9E9-43D8-866D-FCEBCEEDFF4D}.Release|Any CPU.Build.0 = Release|Any CPU
		{ED164CDC-89F6-4AFE-BFE7-F9B7527416EC}.Debug|Any CPU.ActiveCfg = Debug|Any CPU
		{ED164CDC-89F6-4AFE-BFE7-F9B7527416EC}.Debug|Any CPU.Build.0 = Debug|Any CPU
		{ED164CDC-89F6-4AFE-BFE7-F9B7527416EC}.Release|Any CPU.ActiveCfg = Release|Any CPU
		{ED164CDC-89F6-4AFE-BFE7-F9B7527416EC}.Release|Any CPU.Build.0 = Release|Any CPU
		{66F2D1B6-8B3A-40B8-8560-6DCF61C31839}.Debug|Any CPU.ActiveCfg = Debug|Any CPU
		{66F2D1B6-8B3A-40B8-8560-6DCF61C31839}.Debug|Any CPU.Build.0 = Debug|Any CPU
		{66F2D1B6-8B3A-40B8-8560-6DCF61C31839}.Release|Any CPU.ActiveCfg = Release|Any CPU
		{66F2D1B6-8B3A-40B8-8560-6DCF61C31839}.Release|Any CPU.Build.0 = Release|Any CPU
		{D07B71F6-A79D-41A5-8EB0-E595156791D1}.Debug|Any CPU.ActiveCfg = Debug|Any CPU
		{D07B71F6-A79D-41A5-8EB0-E595156791D1}.Debug|Any CPU.Build.0 = Debug|Any CPU
		{D07B71F6-A79D-41A5-8EB0-E595156791D1}.Release|Any CPU.ActiveCfg = Release|Any CPU
		{D07B71F6-A79D-41A5-8EB0-E595156791D1}.Release|Any CPU.Build.0 = Release|Any CPU
		{42BDF359-9CFA-4467-BC14-E2C32F1A4226}.Debug|Any CPU.ActiveCfg = Debug|Any CPU
		{42BDF359-9CFA-4467-BC14-E2C32F1A4226}.Debug|Any CPU.Build.0 = Debug|Any CPU
		{42BDF359-9CFA-4467-BC14-E2C32F1A4226}.Release|Any CPU.ActiveCfg = Release|Any CPU
		{42BDF359-9CFA-4467-BC14-E2C32F1A4226}.Release|Any CPU.Build.0 = Release|Any CPU
		{460CF3D3-7FB2-4209-840F-350D09924CF7}.Debug|Any CPU.ActiveCfg = Debug|Any CPU
		{460CF3D3-7FB2-4209-840F-350D09924CF7}.Debug|Any CPU.Build.0 = Debug|Any CPU
		{460CF3D3-7FB2-4209-840F-350D09924CF7}.Release|Any CPU.ActiveCfg = Release|Any CPU
		{460CF3D3-7FB2-4209-840F-350D09924CF7}.Release|Any CPU.Build.0 = Release|Any CPU
		{0D915729-7ECF-4261-AE27-E32353573BEE}.Debug|Any CPU.ActiveCfg = Debug|Any CPU
		{0D915729-7ECF-4261-AE27-E32353573BEE}.Debug|Any CPU.Build.0 = Debug|Any CPU
		{0D915729-7ECF-4261-AE27-E32353573BEE}.Release|Any CPU.ActiveCfg = Release|Any CPU
		{0D915729-7ECF-4261-AE27-E32353573BEE}.Release|Any CPU.Build.0 = Release|Any CPU
		{51CB32DA-9E93-4767-9A2B-E6D291F1381C}.Debug|Any CPU.ActiveCfg = Debug|Any CPU
		{51CB32DA-9E93-4767-9A2B-E6D291F1381C}.Debug|Any CPU.Build.0 = Debug|Any CPU
		{51CB32DA-9E93-4767-9A2B-E6D291F1381C}.Release|Any CPU.ActiveCfg = Release|Any CPU
		{51CB32DA-9E93-4767-9A2B-E6D291F1381C}.Release|Any CPU.Build.0 = Release|Any CPU
		{AF261785-43BD-4E30-B975-4C7600499122}.Debug|Any CPU.ActiveCfg = Debug|Any CPU
		{AF261785-43BD-4E30-B975-4C7600499122}.Debug|Any CPU.Build.0 = Debug|Any CPU
		{AF261785-43BD-4E30-B975-4C7600499122}.Release|Any CPU.ActiveCfg = Release|Any CPU
		{AF261785-43BD-4E30-B975-4C7600499122}.Release|Any CPU.Build.0 = Release|Any CPU
		{6EF23C89-E124-4487-A903-597E08575026}.Debug|Any CPU.ActiveCfg = Debug|Any CPU
		{6EF23C89-E124-4487-A903-597E08575026}.Debug|Any CPU.Build.0 = Debug|Any CPU
		{6EF23C89-E124-4487-A903-597E08575026}.Release|Any CPU.ActiveCfg = Release|Any CPU
		{6EF23C89-E124-4487-A903-597E08575026}.Release|Any CPU.Build.0 = Release|Any CPU
		{12794892-CA51-4BFB-A4CA-A861133AE92A}.Debug|Any CPU.ActiveCfg = Debug|Any CPU
		{12794892-CA51-4BFB-A4CA-A861133AE92A}.Debug|Any CPU.Build.0 = Debug|Any CPU
		{12794892-CA51-4BFB-A4CA-A861133AE92A}.Release|Any CPU.ActiveCfg = Release|Any CPU
		{12794892-CA51-4BFB-A4CA-A861133AE92A}.Release|Any CPU.Build.0 = Release|Any CPU
		{1EA57F40-7947-4B13-A5D0-5B631B8D9F19}.Debug|Any CPU.ActiveCfg = Debug|Any CPU
		{1EA57F40-7947-4B13-A5D0-5B631B8D9F19}.Debug|Any CPU.Build.0 = Debug|Any CPU
		{1EA57F40-7947-4B13-A5D0-5B631B8D9F19}.Release|Any CPU.ActiveCfg = Release|Any CPU
		{1EA57F40-7947-4B13-A5D0-5B631B8D9F19}.Release|Any CPU.Build.0 = Release|Any CPU
		{ADC5C8ED-F250-4152-9E98-E4977B2CDB7A}.Debug|Any CPU.ActiveCfg = Debug|Any CPU
		{ADC5C8ED-F250-4152-9E98-E4977B2CDB7A}.Debug|Any CPU.Build.0 = Debug|Any CPU
		{ADC5C8ED-F250-4152-9E98-E4977B2CDB7A}.Release|Any CPU.ActiveCfg = Release|Any CPU
		{ADC5C8ED-F250-4152-9E98-E4977B2CDB7A}.Release|Any CPU.Build.0 = Release|Any CPU
		{1D3D2F5B-1F95-42D8-AB2A-F5725A9FF7BD}.Debug|Any CPU.ActiveCfg = Debug|Any CPU
		{1D3D2F5B-1F95-42D8-AB2A-F5725A9FF7BD}.Debug|Any CPU.Build.0 = Debug|Any CPU
		{1D3D2F5B-1F95-42D8-AB2A-F5725A9FF7BD}.Release|Any CPU.ActiveCfg = Release|Any CPU
		{1D3D2F5B-1F95-42D8-AB2A-F5725A9FF7BD}.Release|Any CPU.Build.0 = Release|Any CPU
		{1CD446D3-49B7-4F4C-9A70-5E56861FB105}.Debug|Any CPU.ActiveCfg = Debug|Any CPU
		{1CD446D3-49B7-4F4C-9A70-5E56861FB105}.Debug|Any CPU.Build.0 = Debug|Any CPU
		{1CD446D3-49B7-4F4C-9A70-5E56861FB105}.Release|Any CPU.ActiveCfg = Release|Any CPU
		{1CD446D3-49B7-4F4C-9A70-5E56861FB105}.Release|Any CPU.Build.0 = Release|Any CPU
		{16783C44-7202-4D95-B074-7176EF434EE3}.Debug|Any CPU.ActiveCfg = Debug|Any CPU
		{16783C44-7202-4D95-B074-7176EF434EE3}.Debug|Any CPU.Build.0 = Debug|Any CPU
		{16783C44-7202-4D95-B074-7176EF434EE3}.Release|Any CPU.ActiveCfg = Release|Any CPU
		{16783C44-7202-4D95-B074-7176EF434EE3}.Release|Any CPU.Build.0 = Release|Any CPU
		{86C157B2-A8BF-403F-95B6-873822AA9015}.Debug|Any CPU.ActiveCfg = Debug|Any CPU
		{86C157B2-A8BF-403F-95B6-873822AA9015}.Debug|Any CPU.Build.0 = Debug|Any CPU
		{86C157B2-A8BF-403F-95B6-873822AA9015}.Release|Any CPU.ActiveCfg = Release|Any CPU
		{86C157B2-A8BF-403F-95B6-873822AA9015}.Release|Any CPU.Build.0 = Release|Any CPU
		{7B3C82DF-B235-4E9A-90B4-EED9C153C8AB}.Debug|Any CPU.ActiveCfg = Debug|Any CPU
		{7B3C82DF-B235-4E9A-90B4-EED9C153C8AB}.Debug|Any CPU.Build.0 = Debug|Any CPU
		{7B3C82DF-B235-4E9A-90B4-EED9C153C8AB}.Release|Any CPU.ActiveCfg = Release|Any CPU
		{7B3C82DF-B235-4E9A-90B4-EED9C153C8AB}.Release|Any CPU.Build.0 = Release|Any CPU
		{968F2332-D96A-438C-8577-01128942EE92}.Debug|Any CPU.ActiveCfg = Debug|Any CPU
		{968F2332-D96A-438C-8577-01128942EE92}.Debug|Any CPU.Build.0 = Debug|Any CPU
		{968F2332-D96A-438C-8577-01128942EE92}.Release|Any CPU.ActiveCfg = Release|Any CPU
		{968F2332-D96A-438C-8577-01128942EE92}.Release|Any CPU.Build.0 = Release|Any CPU
		{536E5209-0E19-4C52-A5C8-33BF77DBDE04}.Debug|Any CPU.ActiveCfg = Debug|Any CPU
		{536E5209-0E19-4C52-A5C8-33BF77DBDE04}.Debug|Any CPU.Build.0 = Debug|Any CPU
		{536E5209-0E19-4C52-A5C8-33BF77DBDE04}.Release|Any CPU.ActiveCfg = Release|Any CPU
		{536E5209-0E19-4C52-A5C8-33BF77DBDE04}.Release|Any CPU.Build.0 = Release|Any CPU
		{77D29DD0-0B05-4086-95D0-05621B3F218B}.Debug|Any CPU.ActiveCfg = Debug|Any CPU
		{77D29DD0-0B05-4086-95D0-05621B3F218B}.Debug|Any CPU.Build.0 = Debug|Any CPU
		{77D29DD0-0B05-4086-95D0-05621B3F218B}.Release|Any CPU.ActiveCfg = Release|Any CPU
		{77D29DD0-0B05-4086-95D0-05621B3F218B}.Release|Any CPU.Build.0 = Release|Any CPU
		{B70F03BE-9C5A-4419-87D2-B01DA673A962}.Debug|Any CPU.ActiveCfg = Debug|Any CPU
		{B70F03BE-9C5A-4419-87D2-B01DA673A962}.Debug|Any CPU.Build.0 = Debug|Any CPU
		{B70F03BE-9C5A-4419-87D2-B01DA673A962}.Release|Any CPU.ActiveCfg = Release|Any CPU
		{B70F03BE-9C5A-4419-87D2-B01DA673A962}.Release|Any CPU.Build.0 = Release|Any CPU
		{12F52CBC-9852-40B2-B9CD-7696CF52619F}.Debug|Any CPU.ActiveCfg = Debug|Any CPU
		{12F52CBC-9852-40B2-B9CD-7696CF52619F}.Debug|Any CPU.Build.0 = Debug|Any CPU
		{12F52CBC-9852-40B2-B9CD-7696CF52619F}.Release|Any CPU.ActiveCfg = Release|Any CPU
		{12F52CBC-9852-40B2-B9CD-7696CF52619F}.Release|Any CPU.Build.0 = Release|Any CPU
		{4474D6E8-ED3A-499D-B665-BD9B98E2BB2C}.Debug|Any CPU.ActiveCfg = Debug|Any CPU
		{4474D6E8-ED3A-499D-B665-BD9B98E2BB2C}.Debug|Any CPU.Build.0 = Debug|Any CPU
		{4474D6E8-ED3A-499D-B665-BD9B98E2BB2C}.Release|Any CPU.ActiveCfg = Release|Any CPU
		{4474D6E8-ED3A-499D-B665-BD9B98E2BB2C}.Release|Any CPU.Build.0 = Release|Any CPU
		{5E549407-40AE-42BE-A9CD-F5C0BA28B536}.Debug|Any CPU.ActiveCfg = Debug|Any CPU
		{5E549407-40AE-42BE-A9CD-F5C0BA28B536}.Debug|Any CPU.Build.0 = Debug|Any CPU
		{5E549407-40AE-42BE-A9CD-F5C0BA28B536}.Release|Any CPU.ActiveCfg = Release|Any CPU
		{5E549407-40AE-42BE-A9CD-F5C0BA28B536}.Release|Any CPU.Build.0 = Release|Any CPU
		{FCB286B5-1DBD-47C6-9334-766FCFB48EEB}.Debug|Any CPU.ActiveCfg = Debug|Any CPU
		{FCB286B5-1DBD-47C6-9334-766FCFB48EEB}.Debug|Any CPU.Build.0 = Debug|Any CPU
		{FCB286B5-1DBD-47C6-9334-766FCFB48EEB}.Release|Any CPU.ActiveCfg = Release|Any CPU
		{FCB286B5-1DBD-47C6-9334-766FCFB48EEB}.Release|Any CPU.Build.0 = Release|Any CPU
		{F25F954A-85D5-466E-A58B-2825242095B5}.Debug|Any CPU.ActiveCfg = Debug|Any CPU
		{F25F954A-85D5-466E-A58B-2825242095B5}.Debug|Any CPU.Build.0 = Debug|Any CPU
		{F25F954A-85D5-466E-A58B-2825242095B5}.Release|Any CPU.ActiveCfg = Release|Any CPU
		{F25F954A-85D5-466E-A58B-2825242095B5}.Release|Any CPU.Build.0 = Release|Any CPU
		{F566C686-4F49-44A7-AFF6-E53C923562EE}.Debug|Any CPU.ActiveCfg = Debug|Any CPU
		{F566C686-4F49-44A7-AFF6-E53C923562EE}.Debug|Any CPU.Build.0 = Debug|Any CPU
		{F566C686-4F49-44A7-AFF6-E53C923562EE}.Release|Any CPU.ActiveCfg = Release|Any CPU
		{F566C686-4F49-44A7-AFF6-E53C923562EE}.Release|Any CPU.Build.0 = Release|Any CPU
		{81C55B4C-88D0-447B-B9B3-4B381183855E}.Debug|Any CPU.ActiveCfg = Debug|Any CPU
		{81C55B4C-88D0-447B-B9B3-4B381183855E}.Debug|Any CPU.Build.0 = Debug|Any CPU
		{81C55B4C-88D0-447B-B9B3-4B381183855E}.Release|Any CPU.ActiveCfg = Release|Any CPU
		{81C55B4C-88D0-447B-B9B3-4B381183855E}.Release|Any CPU.Build.0 = Release|Any CPU
		{6F3909CC-3F0D-4EE1-A9C0-B87658889439}.Debug|Any CPU.ActiveCfg = Debug|Any CPU
		{6F3909CC-3F0D-4EE1-A9C0-B87658889439}.Debug|Any CPU.Build.0 = Debug|Any CPU
		{6F3909CC-3F0D-4EE1-A9C0-B87658889439}.Release|Any CPU.ActiveCfg = Release|Any CPU
		{6F3909CC-3F0D-4EE1-A9C0-B87658889439}.Release|Any CPU.Build.0 = Release|Any CPU
	EndGlobalSection
	GlobalSection(SolutionProperties) = preSolution
		HideSolutionNode = FALSE
	EndGlobalSection
	GlobalSection(NestedProjects) = preSolution
		{B7EC1C50-8123-4121-9BD1-57A15AAA6D46} = {B9E899C4-216F-4DC8-B5F3-EF40021BB8B5}
		{F790D960-C363-4E04-8A9E-DC4573AE1452} = {C56CC963-007E-430D-B094-07ACDF563E34}
		{105D915E-0FC6-456C-B97D-6B58469A8628} = {C56CC963-007E-430D-B094-07ACDF563E34}
		{D64F1DFE-E646-4C76-8525-3D207D1BDAE6} = {C56CC963-007E-430D-B094-07ACDF563E34}
		{A35CD5C4-3BD6-4CC1-89C6-014C3449D9EE} = {C56CC963-007E-430D-B094-07ACDF563E34}
		{269ED050-C6AD-4954-ADB7-11568F839F6E} = {C56CC963-007E-430D-B094-07ACDF563E34}
		{88304A33-2C82-4A97-9CAB-EE0DA84A667C} = {C56CC963-007E-430D-B094-07ACDF563E34}
		{B9FBB2A6-E77D-42A9-920C-FA6EA07C96E9} = {C56CC963-007E-430D-B094-07ACDF563E34}
		{C3A9DA83-B9E9-43D8-866D-FCEBCEEDFF4D} = {C56CC963-007E-430D-B094-07ACDF563E34}
		{ED164CDC-89F6-4AFE-BFE7-F9B7527416EC} = {C56CC963-007E-430D-B094-07ACDF563E34}
		{66F2D1B6-8B3A-40B8-8560-6DCF61C31839} = {C56CC963-007E-430D-B094-07ACDF563E34}
		{D07B71F6-A79D-41A5-8EB0-E595156791D1} = {C56CC963-007E-430D-B094-07ACDF563E34}
		{42BDF359-9CFA-4467-BC14-E2C32F1A4226} = {C56CC963-007E-430D-B094-07ACDF563E34}
		{460CF3D3-7FB2-4209-840F-350D09924CF7} = {C56CC963-007E-430D-B094-07ACDF563E34}
		{0D915729-7ECF-4261-AE27-E32353573BEE} = {C56CC963-007E-430D-B094-07ACDF563E34}
		{51CB32DA-9E93-4767-9A2B-E6D291F1381C} = {C56CC963-007E-430D-B094-07ACDF563E34}
		{AF261785-43BD-4E30-B975-4C7600499122} = {C56CC963-007E-430D-B094-07ACDF563E34}
		{6EF23C89-E124-4487-A903-597E08575026} = {C56CC963-007E-430D-B094-07ACDF563E34}
		{12794892-CA51-4BFB-A4CA-A861133AE92A} = {C56CC963-007E-430D-B094-07ACDF563E34}
		{1EA57F40-7947-4B13-A5D0-5B631B8D9F19} = {C56CC963-007E-430D-B094-07ACDF563E34}
		{ADC5C8ED-F250-4152-9E98-E4977B2CDB7A} = {C56CC963-007E-430D-B094-07ACDF563E34}
		{1D3D2F5B-1F95-42D8-AB2A-F5725A9FF7BD} = {C56CC963-007E-430D-B094-07ACDF563E34}
		{1CD446D3-49B7-4F4C-9A70-5E56861FB105} = {C56CC963-007E-430D-B094-07ACDF563E34}
		{16783C44-7202-4D95-B074-7176EF434EE3} = {C56CC963-007E-430D-B094-07ACDF563E34}
		{86C157B2-A8BF-403F-95B6-873822AA9015} = {C56CC963-007E-430D-B094-07ACDF563E34}
		{7B3C82DF-B235-4E9A-90B4-EED9C153C8AB} = {C56CC963-007E-430D-B094-07ACDF563E34}
		{968F2332-D96A-438C-8577-01128942EE92} = {C56CC963-007E-430D-B094-07ACDF563E34}
		{536E5209-0E19-4C52-A5C8-33BF77DBDE04} = {C56CC963-007E-430D-B094-07ACDF563E34}
		{77D29DD0-0B05-4086-95D0-05621B3F218B} = {C56CC963-007E-430D-B094-07ACDF563E34}
		{B70F03BE-9C5A-4419-87D2-B01DA673A962} = {C56CC963-007E-430D-B094-07ACDF563E34}
		{12F52CBC-9852-40B2-B9CD-7696CF52619F} = {C56CC963-007E-430D-B094-07ACDF563E34}
		{4474D6E8-ED3A-499D-B665-BD9B98E2BB2C} = {C56CC963-007E-430D-B094-07ACDF563E34}
		{5E549407-40AE-42BE-A9CD-F5C0BA28B536} = {C56CC963-007E-430D-B094-07ACDF563E34}
		{FCB286B5-1DBD-47C6-9334-766FCFB48EEB} = {C56CC963-007E-430D-B094-07ACDF563E34}
		{F25F954A-85D5-466E-A58B-2825242095B5} = {C56CC963-007E-430D-B094-07ACDF563E34}
		{F566C686-4F49-44A7-AFF6-E53C923562EE} = {C56CC963-007E-430D-B094-07ACDF563E34}
		{81C55B4C-88D0-447B-B9B3-4B381183855E} = {C56CC963-007E-430D-B094-07ACDF563E34}
		{6F3909CC-3F0D-4EE1-A9C0-B87658889439} = {C56CC963-007E-430D-B094-07ACDF563E34}
	EndGlobalSection
	GlobalSection(ExtensibilityGlobals) = postSolution
		SolutionGuid = {144249E9-F917-4866-A1B1-89E38358BE18}
	EndGlobalSection
EndGlobal
